
Microsoft Visual Studio Solution File, Format Version 12.00
# Visual Studio Version 17
VisualStudioVersion = 17.9.34728.123
MinimumVisualStudioVersion = 10.0.40219.1
Project("{9A19103F-16F7-4668-BE54-9A1E7A4F7556}") = "ProjectNotes", "ProjectNotes\ProjectNotes.csproj", "{2F69997F-A063-4262-BBD2-14E0657A38B2}"
EndProject
Project("{9A19103F-16F7-4668-BE54-9A1E7A4F7556}") = "SimilaritySearchExample.DB", "SimilaritySearchExample.DB\SimilaritySearchExample.DB.csproj", "{A6E1D85C-79E9-4C29-8CF6-E13105D5CC10}"
EndProject
Project("{9A19103F-16F7-4668-BE54-9A1E7A4F7556}") = "SimilaritySearchExample.Persistence", "SimilaritySearchExample.Persistence\SimilaritySearchExample.Persistence.csproj", "{9B9BEEC9-235D-4FA4-9E20-84A545426F79}"
EndProject
Project("{9A19103F-16F7-4668-BE54-9A1E7A4F7556}") = "SimilaritySearchExample.Tests", "SimilaritySearchExample.Tests\SimilaritySearchExample.Tests.csproj", "{C41D59C9-3DC4-4F2D-9E96-38E73F5534AF}"
EndProject
Project("{9A19103F-16F7-4668-BE54-9A1E7A4F7556}") = "SimilaritySearchExample.Web", "SimilaritySearchExample.Web\SimilaritySearchExample.Web.csproj", "{DC70C960-320A-44DC-9584-5058E21C6082}"
EndProject
Global
	GlobalSection(SolutionConfigurationPlatforms) = preSolution
		Debug|Any CPU = Debug|Any CPU
		Release|Any CPU = Release|Any CPU
	EndGlobalSection
	GlobalSection(ProjectConfigurationPlatforms) = postSolution
		{2F69997F-A063-4262-BBD2-14E0657A38B2}.Debug|Any CPU.ActiveCfg = Debug|Any CPU
		{2F69997F-A063-4262-BBD2-14E0657A38B2}.Debug|Any CPU.Build.0 = Debug|Any CPU
		{2F69997F-A063-4262-BBD2-14E0657A38B2}.Release|Any CPU.ActiveCfg = Release|Any CPU
		{2F69997F-A063-4262-BBD2-14E0657A38B2}.Release|Any CPU.Build.0 = Release|Any CPU
		{A6E1D85C-79E9-4C29-8CF6-E13105D5CC10}.Debug|Any CPU.ActiveCfg = Debug|Any CPU
		{A6E1D85C-79E9-4C29-8CF6-E13105D5CC10}.Debug|Any CPU.Build.0 = Debug|Any CPU
		{A6E1D85C-79E9-4C29-8CF6-E13105D5CC10}.Release|Any CPU.ActiveCfg = Release|Any CPU
		{A6E1D85C-79E9-4C29-8CF6-E13105D5CC10}.Release|Any CPU.Build.0 = Release|Any CPU
		{9B9BEEC9-235D-4FA4-9E20-84A545426F79}.Debug|Any CPU.ActiveCfg = Debug|Any CPU
		{9B9BEEC9-235D-4FA4-9E20-84A545426F79}.Debug|Any CPU.Build.0 = Debug|Any CPU
		{9B9BEEC9-235D-4FA4-9E20-84A545426F79}.Release|Any CPU.ActiveCfg = Release|Any CPU
		{9B9BEEC9-235D-4FA4-9E20-84A545426F79}.Release|Any CPU.Build.0 = Release|Any CPU
		{C41D59C9-3DC4-4F2D-9E96-38E73F5534AF}.Debug|Any CPU.ActiveCfg = Debug|Any CPU
		{C41D59C9-3DC4-4F2D-9E96-38E73F5534AF}.Debug|Any CPU.Build.0 = Debug|Any CPU
		{C41D59C9-3DC4-4F2D-9E96-38E73F5534AF}.Release|Any CPU.ActiveCfg = Release|Any CPU
		{C41D59C9-3DC4-4F2D-9E96-38E73F5534AF}.Release|Any CPU.Build.0 = Release|Any CPU
		{DC70C960-320A-44DC-9584-5058E21C6082}.Debug|Any CPU.ActiveCfg = Debug|Any CPU
		{DC70C960-320A-44DC-9584-5058E21C6082}.Debug|Any CPU.Build.0 = Debug|Any CPU
		{DC70C960-320A-44DC-9584-5058E21C6082}.Release|Any CPU.ActiveCfg = Release|Any CPU
		{DC70C960-320A-44DC-9584-5058E21C6082}.Release|Any CPU.Build.0 = Release|Any CPU
	EndGlobalSection
	GlobalSection(SolutionProperties) = preSolution
		HideSolutionNode = FALSE
	EndGlobalSection
	GlobalSection(ExtensibilityGlobals) = postSolution
		SolutionGuid = {746F6C1F-071C-4116-BB79-952F42CFED2F}
	EndGlobalSection
EndGlobal
